
Microsoft Visual Studio Solution File, Format Version 12.00
# Visual Studio 2012
Project("{8BC9CEB8-8B4A-11D0-8D11-00A0C91BC942}") = "DuplicationInArray", "DuplicationInArray\DuplicationInArray.vcxproj", "{3DD5DB6F-68FB-4999-94D5-F4637AB8D8C2}"
EndProject
Project("{8BC9CEB8-8B4A-11D0-8D11-00A0C91BC942}") = "RegularExpressionsMatching", "RegularExpressionsMatching\RegularExpressionsMatching.vcxproj", "{3B6BF857-6BF9-42C0-9EF2-2898B7633AE7}"
EndProject
Project("{8BC9CEB8-8B4A-11D0-8D11-00A0C91BC942}") = "NumericStrings", "NumericStrings\NumericStrings.vcxproj", "{47891C37-4AB1-4332-AD03-ED1DBE8A978C}"
EndProject
Project("{8BC9CEB8-8B4A-11D0-8D11-00A0C91BC942}") = "Utilities", "Utilities\Utilities.vcxproj", "{715E6A55-16B3-4F05-9286-6DBC78DA51E4}"
EndProject
Project("{8BC9CEB8-8B4A-11D0-8D11-00A0C91BC942}") = "LoopInList", "LoopInList\LoopInList.vcxproj", "{3DA97352-BF91-4D00-8062-6C8BEE853ADD}"
	ProjectSection(ProjectDependencies) = postProject
		{715E6A55-16B3-4F05-9286-6DBC78DA51E4} = {715E6A55-16B3-4F05-9286-6DBC78DA51E4}
	EndProjectSection
EndProject
Project("{8BC9CEB8-8B4A-11D0-8D11-00A0C91BC942}") = "EntryNodeInListLoop", "EntryNodeInListLoop\EntryNodeInListLoop.vcxproj", "{C79451B8-68DD-4932-9F33-15747F317610}"
	ProjectSection(ProjectDependencies) = postProject
		{715E6A55-16B3-4F05-9286-6DBC78DA51E4} = {715E6A55-16B3-4F05-9286-6DBC78DA51E4}
	EndProjectSection
EndProject
Project("{8BC9CEB8-8B4A-11D0-8D11-00A0C91BC942}") = "NextNodeInBinaryTrees", "NextNodeInBinaryTrees\NextNodeInBinaryTrees.vcxproj", "{8CF39E25-265A-4D79-B63C-E3F646643D10}"
EndProject
Project("{8BC9CEB8-8B4A-11D0-8D11-00A0C91BC942}") = "StringPathInMatrix", "StringPathInMatrix\StringPathInMatrix.vcxproj", "{1D4BD3F4-AC32-4B45-B6A5-927EE8757E89}"
EndProject
Global
	GlobalSection(SolutionConfigurationPlatforms) = preSolution
		Debug|Win32 = Debug|Win32
		Release|Win32 = Release|Win32
	EndGlobalSection
	GlobalSection(ProjectConfigurationPlatforms) = postSolution
		{3DD5DB6F-68FB-4999-94D5-F4637AB8D8C2}.Debug|Win32.ActiveCfg = Debug|Win32
		{3DD5DB6F-68FB-4999-94D5-F4637AB8D8C2}.Debug|Win32.Build.0 = Debug|Win32
		{3DD5DB6F-68FB-4999-94D5-F4637AB8D8C2}.Release|Win32.ActiveCfg = Release|Win32
		{3DD5DB6F-68FB-4999-94D5-F4637AB8D8C2}.Release|Win32.Build.0 = Release|Win32
		{3B6BF857-6BF9-42C0-9EF2-2898B7633AE7}.Debug|Win32.ActiveCfg = Debug|Win32
		{3B6BF857-6BF9-42C0-9EF2-2898B7633AE7}.Debug|Win32.Build.0 = Debug|Win32
		{3B6BF857-6BF9-42C0-9EF2-2898B7633AE7}.Release|Win32.ActiveCfg = Release|Win32
		{3B6BF857-6BF9-42C0-9EF2-2898B7633AE7}.Release|Win32.Build.0 = Release|Win32
		{47891C37-4AB1-4332-AD03-ED1DBE8A978C}.Debug|Win32.ActiveCfg = Debug|Win32
		{47891C37-4AB1-4332-AD03-ED1DBE8A978C}.Debug|Win32.Build.0 = Debug|Win32
		{47891C37-4AB1-4332-AD03-ED1DBE8A978C}.Release|Win32.ActiveCfg = Release|Win32
		{47891C37-4AB1-4332-AD03-ED1DBE8A978C}.Release|Win32.Build.0 = Release|Win32
		{715E6A55-16B3-4F05-9286-6DBC78DA51E4}.Debug|Win32.ActiveCfg = Debug|Win32
		{715E6A55-16B3-4F05-9286-6DBC78DA51E4}.Debug|Win32.Build.0 = Debug|Win32
		{715E6A55-16B3-4F05-9286-6DBC78DA51E4}.Release|Win32.ActiveCfg = Release|Win32
		{715E6A55-16B3-4F05-9286-6DBC78DA51E4}.Release|Win32.Build.0 = Release|Win32
		{3DA97352-BF91-4D00-8062-6C8BEE853ADD}.Debug|Win32.ActiveCfg = Debug|Win32
		{3DA97352-BF91-4D00-8062-6C8BEE853ADD}.Debug|Win32.Build.0 = Debug|Win32
		{3DA97352-BF91-4D00-8062-6C8BEE853ADD}.Release|Win32.ActiveCfg = Release|Win32
		{3DA97352-BF91-4D00-8062-6C8BEE853ADD}.Release|Win32.Build.0 = Release|Win32
		{C79451B8-68DD-4932-9F33-15747F317610}.Debug|Win32.ActiveCfg = Debug|Win32
		{C79451B8-68DD-4932-9F33-15747F317610}.Debug|Win32.Build.0 = Debug|Win32
		{C79451B8-68DD-4932-9F33-15747F317610}.Release|Win32.ActiveCfg = Release|Win32
		{C79451B8-68DD-4932-9F33-15747F317610}.Release|Win32.Build.0 = Release|Win32
		{8CF39E25-265A-4D79-B63C-E3F646643D10}.Debug|Win32.ActiveCfg = Debug|Win32
		{8CF39E25-265A-4D79-B63C-E3F646643D10}.Debug|Win32.Build.0 = Debug|Win32
		{8CF39E25-265A-4D79-B63C-E3F646643D10}.Release|Win32.ActiveCfg = Release|Win32
		{8CF39E25-265A-4D79-B63C-E3F646643D10}.Release|Win32.Build.0 = Release|Win32
		{1D4BD3F4-AC32-4B45-B6A5-927EE8757E89}.Debug|Win32.ActiveCfg = Debug|Win32
		{1D4BD3F4-AC32-4B45-B6A5-927EE8757E89}.Debug|Win32.Build.0 = Debug|Win32
		{1D4BD3F4-AC32-4B45-B6A5-927EE8757E89}.Release|Win32.ActiveCfg = Release|Win32
		{1D4BD3F4-AC32-4B45-B6A5-927EE8757E89}.Release|Win32.Build.0 = Release|Win32
	EndGlobalSection
	GlobalSection(SolutionProperties) = preSolution
		HideSolutionNode = FALSE
	EndGlobalSection
EndGlobal
